
Microsoft Visual Studio Solution File, Format Version 12.00
# Visual Studio Version 16
VisualStudioVersion = 16.0.30907.101
MinimumVisualStudioVersion = 10.0.40219.1
Project("{FAE04EC0-301F-11D3-BF4B-00C04F79EFBC}") = "2do-corte-orazio-cappadonna", "2do-corte-orazio-cappadonna.csproj", "{FF7700D7-88C8-439E-91EE-4107A9E88A85}"
EndProject
Global
	GlobalSection(SolutionConfigurationPlatforms) = preSolution
		Debug|Any CPU = Debug|Any CPU
		Release|Any CPU = Release|Any CPU
	EndGlobalSection
	GlobalSection(ProjectConfigurationPlatforms) = postSolution
		{FF7700D7-88C8-439E-91EE-4107A9E88A85}.Debug|Any CPU.ActiveCfg = Debug|Any CPU
		{FF7700D7-88C8-439E-91EE-4107A9E88A85}.Debug|Any CPU.Build.0 = Debug|Any CPU
		{FF7700D7-88C8-439E-91EE-4107A9E88A85}.Release|Any CPU.ActiveCfg = Release|Any CPU
		{FF7700D7-88C8-439E-91EE-4107A9E88A85}.Release|Any CPU.Build.0 = Release|Any CPU
	EndGlobalSection
	GlobalSection(SolutionProperties) = preSolution
		HideSolutionNode = FALSE
	EndGlobalSection
	GlobalSection(ExtensibilityGlobals) = postSolution
		SolutionGuid = {AE7DF46B-A071-4965-8769-D5AFF1A27CF6}
	EndGlobalSection
EndGlobal
